// !$*UTF8*$!
{
	archiveVersion = 1;
	classes = {
	};
	objectVersion = 56;
	objects = {

/* Begin PBXBuildFile section */
		80C061092CBC850D0052940E /* DiscGolfBagManagerApp.swift in Sources */ = {isa = PBXBuildFile; fileRef = 80C061082CBC850D0052940E /* DiscGolfBagManagerApp.swift */; };
		80C0610B2CBC850D0052940E /* ContentView.swift in Sources */ = {isa = PBXBuildFile; fileRef = 80C0610A2CBC850D0052940E /* ContentView.swift */; };
		80C0610D2CBC850E0052940E /* Assets.xcassets in Resources */ = {isa = PBXBuildFile; fileRef = 80C0610C2CBC850E0052940E /* Assets.xcassets */; };
		80C061102CBC850E0052940E /* Preview Assets.xcassets in Resources */ = {isa = PBXBuildFile; fileRef = 80C0610F2CBC850E0052940E /* Preview Assets.xcassets */; };
		80C061122CBC850E0052940E /* Persistence.swift in Sources */ = {isa = PBXBuildFile; fileRef = 80C061112CBC850E0052940E /* Persistence.swift */; };
		80C061152CBC850E0052940E /* DiscGolfBagManager.xcdatamodeld in Sources */ = {isa = PBXBuildFile; fileRef = 80C061132CBC850E0052940E /* DiscGolfBagManager.xcdatamodeld */; };
		80C0611F2CBC850E0052940E /* DiscGolfBagManagerTests.swift in Sources */ = {isa = PBXBuildFile; fileRef = 80C0611E2CBC850E0052940E /* DiscGolfBagManagerTests.swift */; };
		80C061292CBC850E0052940E /* DiscGolfBagManagerUITests.swift in Sources */ = {isa = PBXBuildFile; fileRef = 80C061282CBC850E0052940E /* DiscGolfBagManagerUITests.swift */; };
		80C0612B2CBC850E0052940E /* DiscGolfBagManagerUITestsLaunchTests.swift in Sources */ = {isa = PBXBuildFile; fileRef = 80C0612A2CBC850E0052940E /* DiscGolfBagManagerUITestsLaunchTests.swift */; };
/* End PBXBuildFile section */

/* Begin PBXContainerItemProxy section */
		80C0611B2CBC850E0052940E /* PBXContainerItemProxy */ = {
			isa = PBXContainerItemProxy;
			containerPortal = 80C060FD2CBC850D0052940E /* Project object */;
			proxyType = 1;
			remoteGlobalIDString = 80C061042CBC850D0052940E;
			remoteInfo = DiscGolfBagManager;
		};
		80C061252CBC850E0052940E /* PBXContainerItemProxy */ = {
			isa = PBXContainerItemProxy;
			containerPortal = 80C060FD2CBC850D0052940E /* Project object */;
			proxyType = 1;
			remoteGlobalIDString = 80C061042CBC850D0052940E;
			remoteInfo = DiscGolfBagManager;
		};
/* End PBXContainerItemProxy section */

/* Begin PBXFileReference section */
		80C061052CBC850D0052940E /* DiscGolfBagManager.app */ = {isa = PBXFileReference; explicitFileType = wrapper.application; includeInIndex = 0; path = DiscGolfBagManager.app; sourceTree = BUILT_PRODUCTS_DIR; };
		80C061082CBC850D0052940E /* DiscGolfBagManagerApp.swift */ = {isa = PBXFileReference; lastKnownFileType = sourcecode.swift; path = DiscGolfBagManagerApp.swift; sourceTree = "<group>"; };
		80C0610A2CBC850D0052940E /* ContentView.swift */ = {isa = PBXFileReference; lastKnownFileType = sourcecode.swift; path = ContentView.swift; sourceTree = "<group>"; };
		80C0610C2CBC850E0052940E /* Assets.xcassets */ = {isa = PBXFileReference; lastKnownFileType = folder.assetcatalog; path = Assets.xcassets; sourceTree = "<group>"; };
		80C0610F2CBC850E0052940E /* Preview Assets.xcassets */ = {isa = PBXFileReference; lastKnownFileType = folder.assetcatalog; path = "Preview Assets.xcassets"; sourceTree = "<group>"; };
		80C061112CBC850E0052940E /* Persistence.swift */ = {isa = PBXFileReference; lastKnownFileType = sourcecode.swift; path = Persistence.swift; sourceTree = "<group>"; };
		80C061142CBC850E0052940E /* DiscGolfBagManager.xcdatamodel */ = {isa = PBXFileReference; lastKnownFileType = wrapper.xcdatamodel; path = DiscGolfBagManager.xcdatamodel; sourceTree = "<group>"; };
		80C0611A2CBC850E0052940E /* DiscGolfBagManagerTests.xctest */ = {isa = PBXFileReference; explicitFileType = wrapper.cfbundle; includeInIndex = 0; path = DiscGolfBagManagerTests.xctest; sourceTree = BUILT_PRODUCTS_DIR; };
		80C0611E2CBC850E0052940E /* DiscGolfBagManagerTests.swift */ = {isa = PBXFileReference; lastKnownFileType = sourcecode.swift; path = DiscGolfBagManagerTests.swift; sourceTree = "<group>"; };
		80C061242CBC850E0052940E /* DiscGolfBagManagerUITests.xctest */ = {isa = PBXFileReference; explicitFileType = wrapper.cfbundle; includeInIndex = 0; path = DiscGolfBagManagerUITests.xctest; sourceTree = BUILT_PRODUCTS_DIR; };
		80C061282CBC850E0052940E /* DiscGolfBagManagerUITests.swift */ = {isa = PBXFileReference; lastKnownFileType = sourcecode.swift; path = DiscGolfBagManagerUITests.swift; sourceTree = "<group>"; };
		80C0612A2CBC850E0052940E /* DiscGolfBagManagerUITestsLaunchTests.swift */ = {isa = PBXFileReference; lastKnownFileType = sourcecode.swift; path = DiscGolfBagManagerUITestsLaunchTests.swift; sourceTree = "<group>"; };
/* End PBXFileReference section */

/* Begin PBXFrameworksBuildPhase section */
		80C061022CBC850D0052940E /* Frameworks */ = {
			isa = PBXFrameworksBuildPhase;
			buildActionMask = 2147483647;
			files = (
			);
			runOnlyForDeploymentPostprocessing = 0;
		};
		80C061172CBC850E0052940E /* Frameworks */ = {
			isa = PBXFrameworksBuildPhase;
			buildActionMask = 2147483647;
			files = (
			);
			runOnlyForDeploymentPostprocessing = 0;
		};
		80C061212CBC850E0052940E /* Frameworks */ = {
			isa = PBXFrameworksBuildPhase;
			buildActionMask = 2147483647;
			files = (
			);
			runOnlyForDeploymentPostprocessing = 0;
		};
/* End PBXFrameworksBuildPhase section */

/* Begin PBXGroup section */
		80C060FC2CBC850D0052940E = {
			isa = PBXGroup;
			children = (
				80C061072CBC850D0052940E /* DiscGolfBagManager */,
				80C0611D2CBC850E0052940E /* DiscGolfBagManagerTests */,
				80C061272CBC850E0052940E /* DiscGolfBagManagerUITests */,
				80C061062CBC850D0052940E /* Products */,
			);
			sourceTree = "<group>";
		};
		80C061062CBC850D0052940E /* Products */ = {
			isa = PBXGroup;
			children = (
				80C061052CBC850D0052940E /* DiscGolfBagManager.app */,
				80C0611A2CBC850E0052940E /* DiscGolfBagManagerTests.xctest */,
				80C061242CBC850E0052940E /* DiscGolfBagManagerUITests.xctest */,
			);
			name = Products;
			sourceTree = "<group>";
		};
		80C061072CBC850D0052940E /* DiscGolfBagManager */ = {
			isa = PBXGroup;
			children = (
				80C061082CBC850D0052940E /* DiscGolfBagManagerApp.swift */,
				80C0610A2CBC850D0052940E /* ContentView.swift */,
				80C0610C2CBC850E0052940E /* Assets.xcassets */,
				80C061112CBC850E0052940E /* Persistence.swift */,
				80C061132CBC850E0052940E /* DiscGolfBagManager.xcdatamodeld */,
				80C0610E2CBC850E0052940E /* Preview Content */,
			);
			path = DiscGolfBagManager;
			sourceTree = "<group>";
		};
		80C0610E2CBC850E0052940E /* Preview Content */ = {
			isa = PBXGroup;
			children = (
				80C0610F2CBC850E0052940E /* Preview Assets.xcassets */,
			);
			path = "Preview Content";
			sourceTree = "<group>";
		};
		80C0611D2CBC850E0052940E /* DiscGolfBagManagerTests */ = {
			isa = PBXGroup;
			children = (
				80C0611E2CBC850E0052940E /* DiscGolfBagManagerTests.swift */,
			);
			path = DiscGolfBagManagerTests;
			sourceTree = "<group>";
		};
		80C061272CBC850E0052940E /* DiscGolfBagManagerUITests */ = {
			isa = PBXGroup;
			children = (
				80C061282CBC850E0052940E /* DiscGolfBagManagerUITests.swift */,
				80C0612A2CBC850E0052940E /* DiscGolfBagManagerUITestsLaunchTests.swift */,
			);
			path = DiscGolfBagManagerUITests;
			sourceTree = "<group>";
		};
/* End PBXGroup section */

/* Begin PBXNativeTarget section */
		80C061042CBC850D0052940E /* DiscGolfBagManager */ = {
			isa = PBXNativeTarget;
			buildConfigurationList = 80C0612E2CBC850E0052940E /* Build configuration list for PBXNativeTarget "DiscGolfBagManager" */;
			buildPhases = (
				80C061012CBC850D0052940E /* Sources */,
				80C061022CBC850D0052940E /* Frameworks */,
				80C061032CBC850D0052940E /* Resources */,
			);
			buildRules = (
			);
			dependencies = (
			);
			name = DiscGolfBagManager;
			productName = DiscGolfBagManager;
			productReference = 80C061052CBC850D0052940E /* DiscGolfBagManager.app */;
			productType = "com.apple.product-type.application";
		};
		80C061192CBC850E0052940E /* DiscGolfBagManagerTests */ = {
			isa = PBXNativeTarget;
			buildConfigurationList = 80C061312CBC850E0052940E /* Build configuration list for PBXNativeTarget "DiscGolfBagManagerTests" */;
			buildPhases = (
				80C061162CBC850E0052940E /* Sources */,
				80C061172CBC850E0052940E /* Frameworks */,
				80C061182CBC850E0052940E /* Resources */,
			);
			buildRules = (
			);
			dependencies = (
				80C0611C2CBC850E0052940E /* PBXTargetDependency */,
			);
			name = DiscGolfBagManagerTests;
			productName = DiscGolfBagManagerTests;
			productReference = 80C0611A2CBC850E0052940E /* DiscGolfBagManagerTests.xctest */;
			productType = "com.apple.product-type.bundle.unit-test";
		};
		80C061232CBC850E0052940E /* DiscGolfBagManagerUITests */ = {
			isa = PBXNativeTarget;
			buildConfigurationList = 80C061342CBC850E0052940E /* Build configuration list for PBXNativeTarget "DiscGolfBagManagerUITests" */;
			buildPhases = (
				80C061202CBC850E0052940E /* Sources */,
				80C061212CBC850E0052940E /* Frameworks */,
				80C061222CBC850E0052940E /* Resources */,
			);
			buildRules = (
			);
			dependencies = (
				80C061262CBC850E0052940E /* PBXTargetDependency */,
			);
			name = DiscGolfBagManagerUITests;
			productName = DiscGolfBagManagerUITests;
			productReference = 80C061242CBC850E0052940E /* DiscGolfBagManagerUITests.xctest */;
			productType = "com.apple.product-type.bundle.ui-testing";
		};
/* End PBXNativeTarget section */

/* Begin PBXProject section */
		80C060FD2CBC850D0052940E /* Project object */ = {
			isa = PBXProject;
			attributes = {
				BuildIndependentTargetsInParallel = 1;
				LastSwiftUpdateCheck = 1500;
				LastUpgradeCheck = 1500;
				TargetAttributes = {
					80C061042CBC850D0052940E = {
						CreatedOnToolsVersion = 15.0;
					};
					80C061192CBC850E0052940E = {
						CreatedOnToolsVersion = 15.0;
						TestTargetID = 80C061042CBC850D0052940E;
					};
					80C061232CBC850E0052940E = {
						CreatedOnToolsVersion = 15.0;
						TestTargetID = 80C061042CBC850D0052940E;
					};
				};
			};
			buildConfigurationList = 80C061002CBC850D0052940E /* Build configuration list for PBXProject "DiscGolfBagManager" */;
			compatibilityVersion = "Xcode 14.0";
			developmentRegion = en;
			hasScannedForEncodings = 0;
			knownRegions = (
				en,
				Base,
			);
			mainGroup = 80C060FC2CBC850D0052940E;
			productRefGroup = 80C061062CBC850D0052940E /* Products */;
			projectDirPath = "";
			projectRoot = "";
			targets = (
				80C061042CBC850D0052940E /* DiscGolfBagManager */,
				80C061192CBC850E0052940E /* DiscGolfBagManagerTests */,
				80C061232CBC850E0052940E /* DiscGolfBagManagerUITests */,
			);
		};
/* End PBXProject section */

/* Begin PBXResourcesBuildPhase section */
		80C061032CBC850D0052940E /* Resources */ = {
			isa = PBXResourcesBuildPhase;
			buildActionMask = 2147483647;
			files = (
				80C061102CBC850E0052940E /* Preview Assets.xcassets in Resources */,
				80C0610D2CBC850E0052940E /* Assets.xcassets in Resources */,
			);
			runOnlyForDeploymentPostprocessing = 0;
		};
		80C061182CBC850E0052940E /* Resources */ = {
			isa = PBXResourcesBuildPhase;
			buildActionMask = 2147483647;
			files = (
			);
			runOnlyForDeploymentPostprocessing = 0;
		};
		80C061222CBC850E0052940E /* Resources */ = {
			isa = PBXResourcesBuildPhase;
			buildActionMask = 2147483647;
			files = (
			);
			runOnlyForDeploymentPostprocessing = 0;
		};
/* End PBXResourcesBuildPhase section */

/* Begin PBXSourcesBuildPhase section */
		80C061012CBC850D0052940E /* Sources */ = {
			isa = PBXSourcesBuildPhase;
			buildActionMask = 2147483647;
			files = (
				80C061122CBC850E0052940E /* Persistence.swift in Sources */,
				80C0610B2CBC850D0052940E /* ContentView.swift in Sources */,
				80C061092CBC850D0052940E /* DiscGolfBagManagerApp.swift in Sources */,
				80C061152CBC850E0052940E /* DiscGolfBagManager.xcdatamodeld in Sources */,
			);
			runOnlyForDeploymentPostprocessing = 0;
		};
		80C061162CBC850E0052940E /* Sources */ = {
			isa = PBXSourcesBuildPhase;
			buildActionMask = 2147483647;
			files = (
				80C0611F2CBC850E0052940E /* DiscGolfBagManagerTests.swift in Sources */,
			);
			runOnlyForDeploymentPostprocessing = 0;
		};
		80C061202CBC850E0052940E /* Sources */ = {
			isa = PBXSourcesBuildPhase;
			buildActionMask = 2147483647;
			files = (
				80C0612B2CBC850E0052940E /* DiscGolfBagManagerUITestsLaunchTests.swift in Sources */,
				80C061292CBC850E0052940E /* DiscGolfBagManagerUITests.swift in Sources */,
			);
			runOnlyForDeploymentPostprocessing = 0;
		};
/* End PBXSourcesBuildPhase section */

/* Begin PBXTargetDependency section */
		80C0611C2CBC850E0052940E /* PBXTargetDependency */ = {
			isa = PBXTargetDependency;
			target = 80C061042CBC850D0052940E /* DiscGolfBagManager */;
			targetProxy = 80C0611B2CBC850E0052940E /* PBXContainerItemProxy */;
		};
		80C061262CBC850E0052940E /* PBXTargetDependency */ = {
			isa = PBXTargetDependency;
			target = 80C061042CBC850D0052940E /* DiscGolfBagManager */;
			targetProxy = 80C061252CBC850E0052940E /* PBXContainerItemProxy */;
		};
/* End PBXTargetDependency section */

/* Begin XCBuildConfiguration section */
		80C0612C2CBC850E0052940E /* Debug */ = {
			isa = XCBuildConfiguration;
			buildSettings = {
				ALWAYS_SEARCH_USER_PATHS = NO;
				ASSETCATALOG_COMPILER_GENERATE_SWIFT_ASSET_SYMBOL_EXTENSIONS = YES;
				CLANG_ANALYZER_NONNULL = YES;
				CLANG_ANALYZER_NUMBER_OBJECT_CONVERSION = YES_AGGRESSIVE;
				CLANG_CXX_LANGUAGE_STANDARD = "gnu++20";
				CLANG_ENABLE_MODULES = YES;
				CLANG_ENABLE_OBJC_ARC = YES;
				CLANG_ENABLE_OBJC_WEAK = YES;
				CLANG_WARN_BLOCK_CAPTURE_AUTORELEASING = YES;
				CLANG_WARN_BOOL_CONVERSION = YES;
				CLANG_WARN_COMMA = YES;
				CLANG_WARN_CONSTANT_CONVERSION = YES;
				CLANG_WARN_DEPRECATED_OBJC_IMPLEMENTATIONS = YES;
				CLANG_WARN_DIRECT_OBJC_ISA_USAGE = YES_ERROR;
				CLANG_WARN_DOCUMENTATION_COMMENTS = YES;
				CLANG_WARN_EMPTY_BODY = YES;
				CLANG_WARN_ENUM_CONVERSION = YES;
				CLANG_WARN_INFINITE_RECURSION = YES;
				CLANG_WARN_INT_CONVERSION = YES;
				CLANG_WARN_NON_LITERAL_NULL_CONVERSION = YES;
				CLANG_WARN_OBJC_IMPLICIT_RETAIN_SELF = YES;
				CLANG_WARN_OBJC_LITERAL_CONVERSION = YES;
				CLANG_WARN_OBJC_ROOT_CLASS = YES_ERROR;
				CLANG_WARN_QUOTED_INCLUDE_IN_FRAMEWORK_HEADER = YES;
				CLANG_WARN_RANGE_LOOP_ANALYSIS = YES;
				CLANG_WARN_STRICT_PROTOTYPES = YES;
				CLANG_WARN_SUSPICIOUS_MOVE = YES;
				CLANG_WARN_UNGUARDED_AVAILABILITY = YES_AGGRESSIVE;
				CLANG_WARN_UNREACHABLE_CODE = YES;
				CLANG_WARN__DUPLICATE_METHOD_MATCH = YES;
				COPY_PHASE_STRIP = NO;
				DEBUG_INFORMATION_FORMAT = dwarf;
				ENABLE_STRICT_OBJC_MSGSEND = YES;
				ENABLE_TESTABILITY = YES;
				ENABLE_USER_SCRIPT_SANDBOXING = YES;
				GCC_C_LANGUAGE_STANDARD = gnu17;
				GCC_DYNAMIC_NO_PIC = NO;
				GCC_NO_COMMON_BLOCKS = YES;
				GCC_OPTIMIZATION_LEVEL = 0;
				GCC_PREPROCESSOR_DEFINITIONS = (
					"DEBUG=1",
					"$(inherited)",
				);
				GCC_WARN_64_TO_32_BIT_CONVERSION = YES;
				GCC_WARN_ABOUT_RETURN_TYPE = YES_ERROR;
				GCC_WARN_UNDECLARED_SELECTOR = YES;
				GCC_WARN_UNINITIALIZED_AUTOS = YES_AGGRESSIVE;
				GCC_WARN_UNUSED_FUNCTION = YES;
				GCC_WARN_UNUSED_VARIABLE = YES;
				IPHONEOS_DEPLOYMENT_TARGET = 17.0;
				LOCALIZATION_PREFERS_STRING_CATALOGS = YES;
				MTL_ENABLE_DEBUG_INFO = INCLUDE_SOURCE;
				MTL_FAST_MATH = YES;
				ONLY_ACTIVE_ARCH = YES;
				SDKROOT = iphoneos;
				SWIFT_ACTIVE_COMPILATION_CONDITIONS = "DEBUG $(inherited)";
				SWIFT_OPTIMIZATION_LEVEL = "-Onone";
			};
			name = Debug;
		};
		80C0612D2CBC850E0052940E /* Release */ = {
			isa = XCBuildConfiguration;
			buildSettings = {
				ALWAYS_SEARCH_USER_PATHS = NO;
				ASSETCATALOG_COMPILER_GENERATE_SWIFT_ASSET_SYMBOL_EXTENSIONS = YES;
				CLANG_ANALYZER_NONNULL = YES;
				CLANG_ANALYZER_NUMBER_OBJECT_CONVERSION = YES_AGGRESSIVE;
				CLANG_CXX_LANGUAGE_STANDARD = "gnu++20";
				CLANG_ENABLE_MODULES = YES;
				CLANG_ENABLE_OBJC_ARC = YES;
				CLANG_ENABLE_OBJC_WEAK = YES;
				CLANG_WARN_BLOCK_CAPTURE_AUTORELEASING = YES;
				CLANG_WARN_BOOL_CONVERSION = YES;
				CLANG_WARN_COMMA = YES;
				CLANG_WARN_CONSTANT_CONVERSION = YES;
				CLANG_WARN_DEPRECATED_OBJC_IMPLEMENTATIONS = YES;
				CLANG_WARN_DIRECT_OBJC_ISA_USAGE = YES_ERROR;
				CLANG_WARN_DOCUMENTATION_COMMENTS = YES;
				CLANG_WARN_EMPTY_BODY = YES;
				CLANG_WARN_ENUM_CONVERSION = YES;
				CLANG_WARN_INFINITE_RECURSION = YES;
				CLANG_WARN_INT_CONVERSION = YES;
				CLANG_WARN_NON_LITERAL_NULL_CONVERSION = YES;
				CLANG_WARN_OBJC_IMPLICIT_RETAIN_SELF = YES;
				CLANG_WARN_OBJC_LITERAL_CONVERSION = YES;
				CLANG_WARN_OBJC_ROOT_CLASS = YES_ERROR;
				CLANG_WARN_QUOTED_INCLUDE_IN_FRAMEWORK_HEADER = YES;
				CLANG_WARN_RANGE_LOOP_ANALYSIS = YES;
				CLANG_WARN_STRICT_PROTOTYPES = YES;
				CLANG_WARN_SUSPICIOUS_MOVE = YES;
				CLANG_WARN_UNGUARDED_AVAILABILITY = YES_AGGRESSIVE;
				CLANG_WARN_UNREACHABLE_CODE = YES;
				CLANG_WARN__DUPLICATE_METHOD_MATCH = YES;
				COPY_PHASE_STRIP = NO;
				DEBUG_INFORMATION_FORMAT = "dwarf-with-dsym";
				ENABLE_NS_ASSERTIONS = NO;
				ENABLE_STRICT_OBJC_MSGSEND = YES;
				ENABLE_USER_SCRIPT_SANDBOXING = YES;
				GCC_C_LANGUAGE_STANDARD = gnu17;
				GCC_NO_COMMON_BLOCKS = YES;
				GCC_WARN_64_TO_32_BIT_CONVERSION = YES;
				GCC_WARN_ABOUT_RETURN_TYPE = YES_ERROR;
				GCC_WARN_UNDECLARED_SELECTOR = YES;
				GCC_WARN_UNINITIALIZED_AUTOS = YES_AGGRESSIVE;
				GCC_WARN_UNUSED_FUNCTION = YES;
				GCC_WARN_UNUSED_VARIABLE = YES;
				IPHONEOS_DEPLOYMENT_TARGET = 17.0;
				LOCALIZATION_PREFERS_STRING_CATALOGS = YES;
				MTL_ENABLE_DEBUG_INFO = NO;
				MTL_FAST_MATH = YES;
				SDKROOT = iphoneos;
				SWIFT_COMPILATION_MODE = wholemodule;
				VALIDATE_PRODUCT = YES;
			};
			name = Release;
		};
		80C0612F2CBC850E0052940E /* Debug */ = {
			isa = XCBuildConfiguration;
			buildSettings = {
				ASSETCATALOG_COMPILER_APPICON_NAME = AppIcon;
				ASSETCATALOG_COMPILER_GLOBAL_ACCENT_COLOR_NAME = AccentColor;
				CODE_SIGN_STYLE = Automatic;
				CURRENT_PROJECT_VERSION = 1;
				DEVELOPMENT_ASSET_PATHS = "\"DiscGolfBagManager/Preview Content\"";
				DEVELOPMENT_TEAM = 4GUC5TZ39Q;
				ENABLE_PREVIEWS = YES;
				GENERATE_INFOPLIST_FILE = YES;
				INFOPLIST_KEY_UIApplicationSceneManifest_Generation = YES;
				INFOPLIST_KEY_UIApplicationSupportsIndirectInputEvents = YES;
				INFOPLIST_KEY_UILaunchScreen_Generation = YES;
				INFOPLIST_KEY_UISupportedInterfaceOrientations_iPad = "UIInterfaceOrientationPortrait UIInterfaceOrientationPortraitUpsideDown UIInterfaceOrientationLandscapeLeft UIInterfaceOrientationLandscapeRight";
				INFOPLIST_KEY_UISupportedInterfaceOrientations_iPhone = "UIInterfaceOrientationPortrait UIInterfaceOrientationLandscapeLeft UIInterfaceOrientationLandscapeRight";
				LD_RUNPATH_SEARCH_PATHS = (
					"$(inherited)",
					"@executable_path/Frameworks",
				);
				MARKETING_VERSION = 1.0;
				PRODUCT_BUNDLE_IDENTIFIER = com.finleyv.DiscGolfBagManager;
				PRODUCT_NAME = "$(TARGET_NAME)";
				SWIFT_EMIT_LOC_STRINGS = YES;
				SWIFT_VERSION = 5.0;
				TARGETED_DEVICE_FAMILY = "1,2";
			};
			name = Debug;
		};
		80C061302CBC850E0052940E /* Release */ = {
			isa = XCBuildConfiguration;
			buildSettings = {
				ASSETCATALOG_COMPILER_APPICON_NAME = AppIcon;
				ASSETCATALOG_COMPILER_GLOBAL_ACCENT_COLOR_NAME = AccentColor;
				CODE_SIGN_STYLE = Automatic;
				CURRENT_PROJECT_VERSION = 1;
				DEVELOPMENT_ASSET_PATHS = "\"DiscGolfBagManager/Preview Content\"";
				DEVELOPMENT_TEAM = 4GUC5TZ39Q;
				ENABLE_PREVIEWS = YES;
				GENERATE_INFOPLIST_FILE = YES;
				INFOPLIST_KEY_UIApplicationSceneManifest_Generation = YES;
				INFOPLIST_KEY_UIApplicationSupportsIndirectInputEvents = YES;
				INFOPLIST_KEY_UILaunchScreen_Generation = YES;
				INFOPLIST_KEY_UISupportedInterfaceOrientations_iPad = "UIInterfaceOrientationPortrait UIInterfaceOrientationPortraitUpsideDown UIInterfaceOrientationLandscapeLeft UIInterfaceOrientationLandscapeRight";
				INFOPLIST_KEY_UISupportedInterfaceOrientations_iPhone = "UIInterfaceOrientationPortrait UIInterfaceOrientationLandscapeLeft UIInterfaceOrientationLandscapeRight";
				LD_RUNPATH_SEARCH_PATHS = (
					"$(inherited)",
					"@executable_path/Frameworks",
				);
				MARKETING_VERSION = 1.0;
				PRODUCT_BUNDLE_IDENTIFIER = com.finleyv.DiscGolfBagManager;
				PRODUCT_NAME = "$(TARGET_NAME)";
				SWIFT_EMIT_LOC_STRINGS = YES;
				SWIFT_VERSION = 5.0;
				TARGETED_DEVICE_FAMILY = "1,2";
			};
			name = Release;
		};
		80C061322CBC850E0052940E /* Debug */ = {
			isa = XCBuildConfiguration;
			buildSettings = {
				ALWAYS_EMBED_SWIFT_STANDARD_LIBRARIES = YES;
				BUNDLE_LOADER = "$(TEST_HOST)";
				CODE_SIGN_STYLE = Automatic;
				CURRENT_PROJECT_VERSION = 1;
				DEVELOPMENT_TEAM = 4GUC5TZ39Q;
				GENERATE_INFOPLIST_FILE = YES;
				IPHONEOS_DEPLOYMENT_TARGET = 17.0;
				MARKETING_VERSION = 1.0;
				PRODUCT_BUNDLE_IDENTIFIER = com.finleyv.DiscGolfBagManagerTests;
				PRODUCT_NAME = "$(TARGET_NAME)";
				SWIFT_EMIT_LOC_STRINGS = NO;
				SWIFT_VERSION = 5.0;
				TARGETED_DEVICE_FAMILY = "1,2";
				TEST_HOST = "$(BUILT_PRODUCTS_DIR)/DiscGolfBagManager.app/$(BUNDLE_EXECUTABLE_FOLDER_PATH)/DiscGolfBagManager";
			};
			name = Debug;
		};
		80C061332CBC850E0052940E /* Release */ = {
			isa = XCBuildConfiguration;
			buildSettings = {
				ALWAYS_EMBED_SWIFT_STANDARD_LIBRARIES = YES;
				BUNDLE_LOADER = "$(TEST_HOST)";
				CODE_SIGN_STYLE = Automatic;
				CURRENT_PROJECT_VERSION = 1;
				DEVELOPMENT_TEAM = 4GUC5TZ39Q;
				GENERATE_INFOPLIST_FILE = YES;
				IPHONEOS_DEPLOYMENT_TARGET = 17.0;
				MARKETING_VERSION = 1.0;
				PRODUCT_BUNDLE_IDENTIFIER = com.finleyv.DiscGolfBagManagerTests;
				PRODUCT_NAME = "$(TARGET_NAME)";
				SWIFT_EMIT_LOC_STRINGS = NO;
				SWIFT_VERSION = 5.0;
				TARGETED_DEVICE_FAMILY = "1,2";
				TEST_HOST = "$(BUILT_PRODUCTS_DIR)/DiscGolfBagManager.app/$(BUNDLE_EXECUTABLE_FOLDER_PATH)/DiscGolfBagManager";
			};
			name = Release;
		};
		80C061352CBC850E0052940E /* Debug */ = {
			isa = XCBuildConfiguration;
			buildSettings = {
				ALWAYS_EMBED_SWIFT_STANDARD_LIBRARIES = YES;
				CODE_SIGN_STYLE = Automatic;
				CURRENT_PROJECT_VERSION = 1;
				DEVELOPMENT_TEAM = 4GUC5TZ39Q;
				GENERATE_INFOPLIST_FILE = YES;
				MARKETING_VERSION = 1.0;
				PRODUCT_BUNDLE_IDENTIFIER = com.finleyv.DiscGolfBagManagerUITests;
				PRODUCT_NAME = "$(TARGET_NAME)";
				SWIFT_EMIT_LOC_STRINGS = NO;
				SWIFT_VERSION = 5.0;
				TARGETED_DEVICE_FAMILY = "1,2";
				TEST_TARGET_NAME = DiscGolfBagManager;
			};
			name = Debug;
		};
		80C061362CBC850E0052940E /* Release */ = {
			isa = XCBuildConfiguration;
			buildSettings = {
				ALWAYS_EMBED_SWIFT_STANDARD_LIBRARIES = YES;
				CODE_SIGN_STYLE = Automatic;
				CURRENT_PROJECT_VERSION = 1;
				DEVELOPMENT_TEAM = 4GUC5TZ39Q;
				GENERATE_INFOPLIST_FILE = YES;
				MARKETING_VERSION = 1.0;
				PRODUCT_BUNDLE_IDENTIFIER = com.finleyv.DiscGolfBagManagerUITests;
				PRODUCT_NAME = "$(TARGET_NAME)";
				SWIFT_EMIT_LOC_STRINGS = NO;
				SWIFT_VERSION = 5.0;
				TARGETED_DEVICE_FAMILY = "1,2";
				TEST_TARGET_NAME = DiscGolfBagManager;
			};
			name = Release;
		};
/* End XCBuildConfiguration section */

/* Begin XCConfigurationList section */
		80C061002CBC850D0052940E /* Build configuration list for PBXProject "DiscGolfBagManager" */ = {
			isa = XCConfigurationList;
			buildConfigurations = (
				80C0612C2CBC850E0052940E /* Debug */,
				80C0612D2CBC850E0052940E /* Release */,
			);
			defaultConfigurationIsVisible = 0;
			defaultConfigurationName = Release;
		};
		80C0612E2CBC850E0052940E /* Build configuration list for PBXNativeTarget "DiscGolfBagManager" */ = {
			isa = XCConfigurationList;
			buildConfigurations = (
				80C0612F2CBC850E0052940E /* Debug */,
				80C061302CBC850E0052940E /* Release */,
			);
			defaultConfigurationIsVisible = 0;
			defaultConfigurationName = Release;
		};
		80C061312CBC850E0052940E /* Build configuration list for PBXNativeTarget "DiscGolfBagManagerTests" */ = {
			isa = XCConfigurationList;
			buildConfigurations = (
				80C061322CBC850E0052940E /* Debug */,
				80C061332CBC850E0052940E /* Release */,
			);
			defaultConfigurationIsVisible = 0;
			defaultConfigurationName = Release;
		};
		80C061342CBC850E0052940E /* Build configuration list for PBXNativeTarget "DiscGolfBagManagerUITests" */ = {
			isa = XCConfigurationList;
			buildConfigurations = (
				80C061352CBC850E0052940E /* Debug */,
				80C061362CBC850E0052940E /* Release */,
			);
			defaultConfigurationIsVisible = 0;
			defaultConfigurationName = Release;
		};
/* End XCConfigurationList section */

/* Begin XCVersionGroup section */
		80C061132CBC850E0052940E /* DiscGolfBagManager.xcdatamodeld */ = {
			isa = XCVersionGroup;
			children = (
				80C061142CBC850E0052940E /* DiscGolfBagManager.xcdatamodel */,
			);
			currentVersion = 80C061142CBC850E0052940E /* DiscGolfBagManager.xcdatamodel */;
			path = DiscGolfBagManager.xcdatamodeld;
			sourceTree = "<group>";
			versionGroupType = wrapper.xcdatamodel;
		};
/* End XCVersionGroup section */
	};
	rootObject = 80C060FD2CBC850D0052940E /* Project object */;
}
